
Microsoft Visual Studio Solution File, Format Version 12.00
# Visual Studio Version 16
VisualStudioVersion = 16.0.30320.27
MinimumVisualStudioVersion = 10.0.40219.1
Project("{9A19103F-16F7-4668-BE54-9A1E7A4F7556}") = "TrampolineGuard", "TrampolineGuard\TrampolineGuard.csproj", "{23A23E3A-4D8B-4607-B2AD-AF81A35841BD}"
EndProject
Project("{9A19103F-16F7-4668-BE54-9A1E7A4F7556}") = "TrampolineGuard.Shared", "TrampolineGuard.Shared\TrampolineGuard.Shared.csproj", "{C6FB5D7A-C36A-4D4E-AF1D-1AA630853791}"
EndProject
Project("{2150E333-8FDC-42A3-9474-1A3956D46DE8}") = "Solution Items", "Solution Items", "{87811D75-676A-42B5-B66E-A2E75811AD47}"
	ProjectSection(SolutionItems) = preProject
		.gitignore = .gitignore
		LICENSE = LICENSE
		README.md = README.md
	EndProjectSection
EndProject
Global
	GlobalSection(SolutionConfigurationPlatforms) = preSolution
		Debug|Any CPU = Debug|Any CPU
		Release|Any CPU = Release|Any CPU
	EndGlobalSection
	GlobalSection(ProjectConfigurationPlatforms) = postSolution
		{23A23E3A-4D8B-4607-B2AD-AF81A35841BD}.Debug|Any CPU.ActiveCfg = Debug|Any CPU
		{23A23E3A-4D8B-4607-B2AD-AF81A35841BD}.Debug|Any CPU.Build.0 = Debug|Any CPU
		{23A23E3A-4D8B-4607-B2AD-AF81A35841BD}.Release|Any CPU.ActiveCfg = Release|Any CPU
		{23A23E3A-4D8B-4607-B2AD-AF81A35841BD}.Release|Any CPU.Build.0 = Release|Any CPU
		{C6FB5D7A-C36A-4D4E-AF1D-1AA630853791}.Debug|Any CPU.ActiveCfg = Debug|Any CPU
		{C6FB5D7A-C36A-4D4E-AF1D-1AA630853791}.Debug|Any CPU.Build.0 = Debug|Any CPU
		{C6FB5D7A-C36A-4D4E-AF1D-1AA630853791}.Release|Any CPU.ActiveCfg = Release|Any CPU
		{C6FB5D7A-C36A-4D4E-AF1D-1AA630853791}.Release|Any CPU.Build.0 = Release|Any CPU
	EndGlobalSection
	GlobalSection(SolutionProperties) = preSolution
		HideSolutionNode = FALSE
	EndGlobalSection
	GlobalSection(ExtensibilityGlobals) = postSolution
		SolutionGuid = {2DE2FB65-371F-4C0C-8772-8644F3C5FBC6}
	EndGlobalSection
EndGlobal
