
Microsoft Visual Studio Solution File, Format Version 12.00
# Visual Studio Version 16
VisualStudioVersion = 16.0.30320.27
MinimumVisualStudioVersion = 10.0.40219.1
Project("{9A19103F-16F7-4668-BE54-9A1E7A4F7556}") = "TrampolineGuard", "TrampolineGuard\TrampolineGuard.csproj", "{23A23E3A-4D8B-4607-B2AD-AF81A35841BD}"
EndProject
Project("{9A19103F-16F7-4668-BE54-9A1E7A4F7556}") = "TrampolineGuard.Shared", "TrampolineGuard.Shared\TrampolineGuard.Shared.csproj", "{C6FB5D7A-C36A-4D4E-AF1D-1AA630853791}"
EndProject
Project("{2150E333-8FDC-42A3-9474-1A3956D46DE8}") = "Solution Items", "Solution Items", "{87811D75-676A-42B5-B66E-A2E75811AD47}"
	ProjectSection(SolutionItems) = preProject
		.gitignore = .gitignore
		LICENSE = LICENSE
		README.md = README.md
	EndProjectSection
EndProject
Project("{2150E333-8FDC-42A3-9474-1A3956D46DE8}") = "Tests", "Tests", "{99E2AA8A-D76A-48D4-A5D4-B79E5FABDAF0}"
EndProject
Project("{FAE04EC0-301F-11D3-BF4B-00C04F79EFBC}") = "TrampolineGuard.PlivoIntegrationTests", "TrampolineGuard.PlivoIntegrationTests\TrampolineGuard.PlivoIntegrationTests.csproj", "{2C9B2015-5656-4678-AAB6-583FEE12D11D}"
EndProject
Project("{FAE04EC0-301F-11D3-BF4B-00C04F79EFBC}") = "TrampolineGuard.Tests", "TrampolineGuard.Tests\TrampolineGuard.Tests.csproj", "{41168096-4ACE-4264-8F9F-EEE0FEB5BAF8}"
EndProject
Global
	GlobalSection(SolutionConfigurationPlatforms) = preSolution
		Debug|Any CPU = Debug|Any CPU
		Release|Any CPU = Release|Any CPU
	EndGlobalSection
	GlobalSection(ProjectConfigurationPlatforms) = postSolution
		{23A23E3A-4D8B-4607-B2AD-AF81A35841BD}.Debug|Any CPU.ActiveCfg = Debug|Any CPU
		{23A23E3A-4D8B-4607-B2AD-AF81A35841BD}.Debug|Any CPU.Build.0 = Debug|Any CPU
		{23A23E3A-4D8B-4607-B2AD-AF81A35841BD}.Release|Any CPU.ActiveCfg = Release|Any CPU
		{23A23E3A-4D8B-4607-B2AD-AF81A35841BD}.Release|Any CPU.Build.0 = Release|Any CPU
		{C6FB5D7A-C36A-4D4E-AF1D-1AA630853791}.Debug|Any CPU.ActiveCfg = Debug|Any CPU
		{C6FB5D7A-C36A-4D4E-AF1D-1AA630853791}.Debug|Any CPU.Build.0 = Debug|Any CPU
		{C6FB5D7A-C36A-4D4E-AF1D-1AA630853791}.Release|Any CPU.ActiveCfg = Release|Any CPU
		{C6FB5D7A-C36A-4D4E-AF1D-1AA630853791}.Release|Any CPU.Build.0 = Release|Any CPU
		{2C9B2015-5656-4678-AAB6-583FEE12D11D}.Debug|Any CPU.ActiveCfg = Debug|Any CPU
		{2C9B2015-5656-4678-AAB6-583FEE12D11D}.Debug|Any CPU.Build.0 = Debug|Any CPU
		{2C9B2015-5656-4678-AAB6-583FEE12D11D}.Release|Any CPU.ActiveCfg = Release|Any CPU
		{2C9B2015-5656-4678-AAB6-583FEE12D11D}.Release|Any CPU.Build.0 = Release|Any CPU
		{41168096-4ACE-4264-8F9F-EEE0FEB5BAF8}.Debug|Any CPU.ActiveCfg = Debug|Any CPU
		{41168096-4ACE-4264-8F9F-EEE0FEB5BAF8}.Debug|Any CPU.Build.0 = Debug|Any CPU
		{41168096-4ACE-4264-8F9F-EEE0FEB5BAF8}.Release|Any CPU.ActiveCfg = Release|Any CPU
		{41168096-4ACE-4264-8F9F-EEE0FEB5BAF8}.Release|Any CPU.Build.0 = Release|Any CPU
	EndGlobalSection
	GlobalSection(SolutionProperties) = preSolution
		HideSolutionNode = FALSE
	EndGlobalSection
	GlobalSection(NestedProjects) = preSolution
		{2C9B2015-5656-4678-AAB6-583FEE12D11D} = {99E2AA8A-D76A-48D4-A5D4-B79E5FABDAF0}
		{41168096-4ACE-4264-8F9F-EEE0FEB5BAF8} = {99E2AA8A-D76A-48D4-A5D4-B79E5FABDAF0}
	EndGlobalSection
	GlobalSection(ExtensibilityGlobals) = postSolution
		SolutionGuid = {2DE2FB65-371F-4C0C-8772-8644F3C5FBC6}
	EndGlobalSection
EndGlobal
